// !$*UTF8*$!
{
	archiveVersion = 1;
	classes = {
	};
	objectVersion = 46;
	objects = {

/* Begin PBXBuildFile section */
		D306F28E1701436C00FE09F5 /* qofdyn.c in Sources */ = {isa = PBXBuildFile; fileRef = D306F28D1701436C00FE09F5 /* qofdyn.c */; };
		D38872B716946DDF00E66A70 /* qofifmap.c in Sources */ = {isa = PBXBuildFile; fileRef = F51922211672388F00514165 /* qofifmap.c */; };
		F519223B1672388F00514165 /* decode.c in Sources */ = {isa = PBXBuildFile; fileRef = F519221A1672388F00514165 /* decode.c */; };
		F519223E1672388F00514165 /* picq.c in Sources */ = {isa = PBXBuildFile; fileRef = F51922201672388F00514165 /* picq.c */; };
		F51922401672388F00514165 /* ring.c in Sources */ = {isa = PBXBuildFile; fileRef = F51922221672388F00514165 /* ring.c */; };
		F51922411672388F00514165 /* yaf.c in Sources */ = {isa = PBXBuildFile; fileRef = F51922231672388F00514165 /* yaf.c */; };
		F51922421672388F00514165 /* yafcap.c in Sources */ = {isa = PBXBuildFile; fileRef = F51922261672388F00514165 /* yafcap.c */; };
		F51922441672388F00514165 /* yafcore.c in Sources */ = {isa = PBXBuildFile; fileRef = F51922291672388F00514165 /* yafcore.c */; };
		F51922461672388F00514165 /* yafdag.c in Sources */ = {isa = PBXBuildFile; fileRef = F519222C1672388F00514165 /* yafdag.c */; };
		F51922471672388F00514165 /* yaflush.c in Sources */ = {isa = PBXBuildFile; fileRef = F519222E1672388F00514165 /* yaflush.c */; };
		F51922481672388F00514165 /* yafout.c in Sources */ = {isa = PBXBuildFile; fileRef = F51922301672388F00514165 /* yafout.c */; };
		F51922491672388F00514165 /* yafpcapx.c in Sources */ = {isa = PBXBuildFile; fileRef = F51922321672388F00514165 /* yafpcapx.c */; };
		F519224A1672388F00514165 /* yafrag.c in Sources */ = {isa = PBXBuildFile; fileRef = F51922341672388F00514165 /* yafrag.c */; };
		F519224C1672388F00514165 /* yafstat.c in Sources */ = {isa = PBXBuildFile; fileRef = F51922371672388F00514165 /* yafstat.c */; };
		F519224D1672388F00514165 /* yaftab.c in Sources */ = {isa = PBXBuildFile; fileRef = F51922391672388F00514165 /* yaftab.c */; };
		F519231E167238A400514165 /* airlock.c in Sources */ = {isa = PBXBuildFile; fileRef = F51922C5167238A400514165 /* airlock.c */; };
		F519231F167238A400514165 /* airopt.c in Sources */ = {isa = PBXBuildFile; fileRef = F51922C6167238A400514165 /* airopt.c */; };
		F5192320167238A400514165 /* airutil.c in Sources */ = {isa = PBXBuildFile; fileRef = F51922C7167238A400514165 /* airutil.c */; };
		F5192321167238A400514165 /* daeconfig.c in Sources */ = {isa = PBXBuildFile; fileRef = F51922C8167238A400514165 /* daeconfig.c */; };
		F5192336167238A400514165 /* logconfig.c in Sources */ = {isa = PBXBuildFile; fileRef = F51922F1167238A400514165 /* logconfig.c */; };
		F5192338167238A400514165 /* mio.c in Sources */ = {isa = PBXBuildFile; fileRef = F51922F5167238A400514165 /* mio.c */; };
		F5192339167238A400514165 /* mio_common_net.c in Sources */ = {isa = PBXBuildFile; fileRef = F51922F6167238A400514165 /* mio_common_net.c */; };
		F519233A167238A400514165 /* mio_config.c in Sources */ = {isa = PBXBuildFile; fileRef = F51922F8167238A400514165 /* mio_config.c */; };
		F519233B167238A400514165 /* mio_sink_file.c in Sources */ = {isa = PBXBuildFile; fileRef = F51922FA167238A400514165 /* mio_sink_file.c */; };
		F519233C167238A400514165 /* mio_sink_multi.c in Sources */ = {isa = PBXBuildFile; fileRef = F51922FB167238A400514165 /* mio_sink_multi.c */; };
		F519233D167238A400514165 /* mio_sink_tcp.c in Sources */ = {isa = PBXBuildFile; fileRef = F51922FC167238A400514165 /* mio_sink_tcp.c */; };
		F519233E167238A400514165 /* mio_sink_udp.c in Sources */ = {isa = PBXBuildFile; fileRef = F51922FD167238A400514165 /* mio_sink_udp.c */; };
		F519233F167238A400514165 /* mio_source_file.c in Sources */ = {isa = PBXBuildFile; fileRef = F51922FE167238A400514165 /* mio_source_file.c */; };
		F5192340167238A400514165 /* mio_source_pcap.c in Sources */ = {isa = PBXBuildFile; fileRef = F51922FF167238A400514165 /* mio_source_pcap.c */; };
		F5192341167238A400514165 /* mio_source_tcp.c in Sources */ = {isa = PBXBuildFile; fileRef = F5192300167238A400514165 /* mio_source_tcp.c */; };
		F5192342167238A400514165 /* mio_source_udp.c in Sources */ = {isa = PBXBuildFile; fileRef = F5192301167238A400514165 /* mio_source_udp.c */; };
		F5192343167238A400514165 /* mio_stdio.c in Sources */ = {isa = PBXBuildFile; fileRef = F5192302167238A400514165 /* mio_stdio.c */; };
		F5192344167238A400514165 /* privconfig.c in Sources */ = {isa = PBXBuildFile; fileRef = F5192303167238A400514165 /* privconfig.c */; };
		F52331DB16BC130400A3FA81 /* qofctx.c in Sources */ = {isa = PBXBuildFile; fileRef = F52331DA16BC130400A3FA81 /* qofctx.c */; };
		F5EF14DC16D4CF6A00A4358E /* libpcap.dylib in Frameworks */ = {isa = PBXBuildFile; fileRef = F5EF14DB16D4CF6A00A4358E /* libpcap.dylib */; };
		F5EF14DE16D4D26800A4358E /* libyaml-0.2.dylib in Frameworks */ = {isa = PBXBuildFile; fileRef = F5EF14DD16D4D26800A4358E /* libyaml-0.2.dylib */; };
		F5EF14E016D4D2B100A4358E /* libfixbuf-1.2.0.8.dylib in Frameworks */ = {isa = PBXBuildFile; fileRef = F5EF14DF16D4D2B100A4358E /* libfixbuf-1.2.0.8.dylib */; };
		F5EF14E216D4D2E600A4358E /* libglib-2.0.0.dylib in Frameworks */ = {isa = PBXBuildFile; fileRef = F5EF14E116D4D2E600A4358E /* libglib-2.0.0.dylib */; };
/* End PBXBuildFile section */

/* Begin PBXCopyFilesBuildPhase section */
		F52D56BE16723812006D32A1 /* CopyFiles */ = {
			isa = PBXCopyFilesBuildPhase;
			buildActionMask = 2147483647;
			dstPath = /usr/share/man/man1/;
			dstSubfolderSpec = 0;
			files = (
			);
			runOnlyForDeploymentPostprocessing = 1;
		};
/* End PBXCopyFilesBuildPhase section */

/* Begin PBXFileReference section */
		D306F28D1701436C00FE09F5 /* qofdyn.c */ = {isa = PBXFileReference; fileEncoding = 4; lastKnownFileType = sourcecode.c.c; path = qofdyn.c; sourceTree = "<group>"; };
		D31013E416A94BA80068059F /* test_ifmap.c */ = {isa = PBXFileReference; fileEncoding = 4; lastKnownFileType = sourcecode.c.c; path = test_ifmap.c; sourceTree = "<group>"; };
		D36F0F4716E3B5720028EDAE /* qofifmap.h */ = {isa = PBXFileReference; fileEncoding = 4; lastKnownFileType = sourcecode.c.h; path = qofifmap.h; sourceTree = "<group>"; };
		D36F0F4916E3B6B80028EDAE /* configure.ac */ = {isa = PBXFileReference; lastKnownFileType = text; path = configure.ac; sourceTree = "<group>"; };
		D36F0F4A16E3B6B80028EDAE /* Makefile.am */ = {isa = PBXFileReference; lastKnownFileType = text; path = Makefile.am; sourceTree = "<group>"; };
		D36F0F4B16E3BA480028EDAE /* acinclude.m4 */ = {isa = PBXFileReference; fileEncoding = 4; lastKnownFileType = text; path = acinclude.m4; sourceTree = "<group>"; };
		D39F27671703AB4C00089492 /* qofdyn.h */ = {isa = PBXFileReference; fileEncoding = 4; lastKnownFileType = sourcecode.c.h; path = qofdyn.h; sourceTree = "<group>"; };
		D3D3887C16F8258B002B85A4 /* qof.iespec */ = {isa = PBXFileReference; fileEncoding = 4; lastKnownFileType = text; path = qof.iespec; sourceTree = "<group>"; };
		D3D91D8016EE7F9E00748C63 /* qof-test.yaml */ = {isa = PBXFileReference; fileEncoding = 4; lastKnownFileType = text; path = "qof-test.yaml"; sourceTree = "<group>"; };
		D3E1B1C316E4EBD200C5D50C /* riptcp.rb */ = {isa = PBXFileReference; lastKnownFileType = text.script.ruby; path = riptcp.rb; sourceTree = "<group>"; };
		F519221A1672388F00514165 /* decode.c */ = {isa = PBXFileReference; fileEncoding = 4; lastKnownFileType = sourcecode.c.c; path = decode.c; sourceTree = "<group>"; };
		F519221E1672388F00514165 /* Makefile.am */ = {isa = PBXFileReference; fileEncoding = 4; lastKnownFileType = text; path = Makefile.am; sourceTree = "<group>"; };
		F519221F1672388F00514165 /* Makefile.in */ = {isa = PBXFileReference; fileEncoding = 4; lastKnownFileType = text; path = Makefile.in; sourceTree = "<group>"; };
		F51922201672388F00514165 /* picq.c */ = {isa = PBXFileReference; fileEncoding = 4; lastKnownFileType = sourcecode.c.c; path = picq.c; sourceTree = "<group>"; };
		F51922211672388F00514165 /* qofifmap.c */ = {isa = PBXFileReference; fileEncoding = 4; lastKnownFileType = sourcecode.c.c; path = qofifmap.c; sourceTree = "<group>"; };
		F51922221672388F00514165 /* ring.c */ = {isa = PBXFileReference; fileEncoding = 4; lastKnownFileType = sourcecode.c.c; path = ring.c; sourceTree = "<group>"; };
		F51922231672388F00514165 /* yaf.c */ = {isa = PBXFileReference; fileEncoding = 4; lastKnownFileType = sourcecode.c.c; path = yaf.c; sourceTree = "<group>"; };
		F51922241672388F00514165 /* yaf.pod */ = {isa = PBXFileReference; fileEncoding = 4; lastKnownFileType = text; path = yaf.pod; sourceTree = "<group>"; };
		F51922251672388F00514165 /* yaf.pod.in */ = {isa = PBXFileReference; fileEncoding = 4; lastKnownFileType = text; path = yaf.pod.in; sourceTree = "<group>"; };
		F51922261672388F00514165 /* yafcap.c */ = {isa = PBXFileReference; fileEncoding = 4; lastKnownFileType = sourcecode.c.c; path = yafcap.c; sourceTree = "<group>"; };
		F51922271672388F00514165 /* yafcap.h */ = {isa = PBXFileReference; fileEncoding = 4; lastKnownFileType = sourcecode.c.h; path = yafcap.h; sourceTree = "<group>"; };
		F51922291672388F00514165 /* yafcore.c */ = {isa = PBXFileReference; fileEncoding = 4; lastKnownFileType = sourcecode.c.c; path = yafcore.c; sourceTree = "<group>"; };
		F519222A1672388F00514165 /* qofctx.h */ = {isa = PBXFileReference; fileEncoding = 4; lastKnownFileType = sourcecode.c.h; path = qofctx.h; sourceTree = "<group>"; };
		F519222B1672388F00514165 /* yafcygwin.c */ = {isa = PBXFileReference; fileEncoding = 4; lastKnownFileType = sourcecode.c.c; path = yafcygwin.c; sourceTree = "<group>"; };
		F519222C1672388F00514165 /* yafdag.c */ = {isa = PBXFileReference; fileEncoding = 4; lastKnownFileType = sourcecode.c.c; path = yafdag.c; sourceTree = "<group>"; };
		F519222D1672388F00514165 /* yafdag.h */ = {isa = PBXFileReference; fileEncoding = 4; lastKnownFileType = sourcecode.c.h; path = yafdag.h; sourceTree = "<group>"; };
		F519222E1672388F00514165 /* yaflush.c */ = {isa = PBXFileReference; fileEncoding = 4; lastKnownFileType = sourcecode.c.c; path = yaflush.c; sourceTree = "<group>"; };
		F519222F1672388F00514165 /* yaflush.h */ = {isa = PBXFileReference; fileEncoding = 4; lastKnownFileType = sourcecode.c.h; path = yaflush.h; sourceTree = "<group>"; };
		F51922301672388F00514165 /* yafout.c */ = {isa = PBXFileReference; fileEncoding = 4; lastKnownFileType = sourcecode.c.c; path = yafout.c; sourceTree = "<group>"; };
		F51922311672388F00514165 /* yafout.h */ = {isa = PBXFileReference; fileEncoding = 4; lastKnownFileType = sourcecode.c.h; path = yafout.h; sourceTree = "<group>"; };
		F51922321672388F00514165 /* yafpcapx.c */ = {isa = PBXFileReference; fileEncoding = 4; lastKnownFileType = sourcecode.c.c; path = yafpcapx.c; sourceTree = "<group>"; };
		F51922331672388F00514165 /* yafpcapx.h */ = {isa = PBXFileReference; fileEncoding = 4; lastKnownFileType = sourcecode.c.h; path = yafpcapx.h; sourceTree = "<group>"; };
		F51922341672388F00514165 /* yafrag.c */ = {isa = PBXFileReference; fileEncoding = 4; lastKnownFileType = sourcecode.c.c; path = yafrag.c; sourceTree = "<group>"; };
		F51922361672388F00514165 /* yafscii.pod */ = {isa = PBXFileReference; fileEncoding = 4; lastKnownFileType = text; path = yafscii.pod; sourceTree = "<group>"; };
		F51922371672388F00514165 /* yafstat.c */ = {isa = PBXFileReference; fileEncoding = 4; lastKnownFileType = sourcecode.c.c; path = yafstat.c; sourceTree = "<group>"; };
		F51922381672388F00514165 /* yafstat.h */ = {isa = PBXFileReference; fileEncoding = 4; lastKnownFileType = sourcecode.c.h; path = yafstat.h; sourceTree = "<group>"; };
		F51922391672388F00514165 /* yaftab.c */ = {isa = PBXFileReference; fileEncoding = 4; lastKnownFileType = sourcecode.c.c; path = yaftab.c; sourceTree = "<group>"; };
		F51922511672389900514165 /* Makefile.am */ = {isa = PBXFileReference; fileEncoding = 4; lastKnownFileType = text; path = Makefile.am; sourceTree = "<group>"; };
		F51922521672389900514165 /* Makefile.in */ = {isa = PBXFileReference; fileEncoding = 4; lastKnownFileType = text; path = Makefile.in; sourceTree = "<group>"; };
		F51922541672389900514165 /* autoinc.h */ = {isa = PBXFileReference; fileEncoding = 4; lastKnownFileType = sourcecode.c.h; path = autoinc.h; sourceTree = "<group>"; };
		F51922551672389900514165 /* CERT_IE.h */ = {isa = PBXFileReference; fileEncoding = 4; lastKnownFileType = sourcecode.c.h; path = CERT_IE.h; sourceTree = "<group>"; };
		F51922561672389900514165 /* config.h */ = {isa = PBXFileReference; fileEncoding = 4; lastKnownFileType = sourcecode.c.h; path = config.h; sourceTree = "<group>"; };
		F51922571672389900514165 /* config.h.in */ = {isa = PBXFileReference; fileEncoding = 4; lastKnownFileType = text; path = config.h.in; sourceTree = "<group>"; };
		F51922581672389900514165 /* decode.h */ = {isa = PBXFileReference; fileEncoding = 4; lastKnownFileType = sourcecode.c.h; path = decode.h; sourceTree = "<group>"; };
		F51922591672389900514165 /* picq.h */ = {isa = PBXFileReference; fileEncoding = 4; lastKnownFileType = sourcecode.c.h; path = picq.h; sourceTree = "<group>"; };
		F519225A1672389900514165 /* ring.h */ = {isa = PBXFileReference; fileEncoding = 4; lastKnownFileType = sourcecode.c.h; path = ring.h; sourceTree = "<group>"; };
		F519225B1672389900514165 /* stamp-h1 */ = {isa = PBXFileReference; fileEncoding = 4; lastKnownFileType = text; path = "stamp-h1"; sourceTree = "<group>"; };
		F519225C1672389900514165 /* TCH_IE.h */ = {isa = PBXFileReference; fileEncoding = 4; lastKnownFileType = sourcecode.c.h; path = TCH_IE.h; sourceTree = "<group>"; };
		F519225D1672389900514165 /* yafcore.h */ = {isa = PBXFileReference; fileEncoding = 4; lastKnownFileType = sourcecode.c.h; path = yafcore.h; sourceTree = "<group>"; };
		F519225E1672389900514165 /* yafrag.h */ = {isa = PBXFileReference; fileEncoding = 4; lastKnownFileType = sourcecode.c.h; path = yafrag.h; sourceTree = "<group>"; };
		F519225F1672389900514165 /* yaftab.h */ = {isa = PBXFileReference; fileEncoding = 4; lastKnownFileType = sourcecode.c.h; path = yaftab.h; sourceTree = "<group>"; };
		F5192262167238A400514165 /* AUTHORS */ = {isa = PBXFileReference; fileEncoding = 4; lastKnownFileType = text; path = AUTHORS; sourceTree = "<group>"; };
		F5192263167238A400514165 /* ChangeLog */ = {isa = PBXFileReference; fileEncoding = 4; lastKnownFileType = text; path = ChangeLog; sourceTree = "<group>"; };
		F5192264167238A400514165 /* COPYING */ = {isa = PBXFileReference; fileEncoding = 4; lastKnownFileType = text; path = COPYING; sourceTree = "<group>"; };
		F5192266167238A400514165 /* airdaemon.1 */ = {isa = PBXFileReference; fileEncoding = 4; lastKnownFileType = text.man; path = airdaemon.1; sourceTree = "<group>"; };
		F5192267167238A400514165 /* airdaemon.pod */ = {isa = PBXFileReference; fileEncoding = 4; lastKnownFileType = text; path = airdaemon.pod; sourceTree = "<group>"; };
		F5192268167238A400514165 /* filedaemon.1 */ = {isa = PBXFileReference; fileEncoding = 4; lastKnownFileType = text.man; path = filedaemon.1; sourceTree = "<group>"; };
		F5192269167238A400514165 /* filedaemon.pod */ = {isa = PBXFileReference; fileEncoding = 4; lastKnownFileType = text; path = filedaemon.pod; sourceTree = "<group>"; };
		F519226B167238A400514165 /* Makefile.am */ = {isa = PBXFileReference; fileEncoding = 4; lastKnownFileType = text; path = Makefile.am; sourceTree = "<group>"; };
		F519226C167238A400514165 /* Makefile.in */ = {isa = PBXFileReference; fileEncoding = 4; lastKnownFileType = text; path = Makefile.in; sourceTree = "<group>"; };
		F519226D167238A400514165 /* Doxyfile */ = {isa = PBXFileReference; fileEncoding = 4; lastKnownFileType = text; path = Doxyfile; sourceTree = "<group>"; };
		F519226E167238A400514165 /* Doxyfile.in */ = {isa = PBXFileReference; fileEncoding = 4; lastKnownFileType = text; path = Doxyfile.in; sourceTree = "<group>"; };
		F5192271167238A400514165 /* airlock.h */ = {isa = PBXFileReference; fileEncoding = 4; lastKnownFileType = sourcecode.c.h; path = airlock.h; sourceTree = "<group>"; };
		F5192272167238A400514165 /* airopt.h */ = {isa = PBXFileReference; fileEncoding = 4; lastKnownFileType = sourcecode.c.h; path = airopt.h; sourceTree = "<group>"; };
		F5192273167238A400514165 /* airutil.h */ = {isa = PBXFileReference; fileEncoding = 4; lastKnownFileType = sourcecode.c.h; path = airutil.h; sourceTree = "<group>"; };
		F5192274167238A400514165 /* autoinc.h */ = {isa = PBXFileReference; fileEncoding = 4; lastKnownFileType = sourcecode.c.h; path = autoinc.h; sourceTree = "<group>"; };
		F5192275167238A400514165 /* config.h */ = {isa = PBXFileReference; fileEncoding = 4; lastKnownFileType = sourcecode.c.h; path = config.h; sourceTree = "<group>"; };
		F5192276167238A400514165 /* config.h.in */ = {isa = PBXFileReference; fileEncoding = 4; lastKnownFileType = text; path = config.h.in; sourceTree = "<group>"; };
		F5192277167238A400514165 /* daeconfig.h */ = {isa = PBXFileReference; fileEncoding = 4; lastKnownFileType = sourcecode.c.h; path = daeconfig.h; sourceTree = "<group>"; };
		F5192278167238A400514165 /* logconfig.h */ = {isa = PBXFileReference; fileEncoding = 4; lastKnownFileType = sourcecode.c.h; path = logconfig.h; sourceTree = "<group>"; };
		F5192279167238A400514165 /* mio.h */ = {isa = PBXFileReference; fileEncoding = 4; lastKnownFileType = sourcecode.c.h; path = mio.h; sourceTree = "<group>"; };
		F519227A167238A400514165 /* mio_config.h */ = {isa = PBXFileReference; fileEncoding = 4; lastKnownFileType = sourcecode.c.h; path = mio_config.h; sourceTree = "<group>"; };
		F519227B167238A400514165 /* mio_sink_file.h */ = {isa = PBXFileReference; fileEncoding = 4; lastKnownFileType = sourcecode.c.h; path = mio_sink_file.h; sourceTree = "<group>"; };
		F519227C167238A400514165 /* mio_sink_multi.h */ = {isa = PBXFileReference; fileEncoding = 4; lastKnownFileType = sourcecode.c.h; path = mio_sink_multi.h; sourceTree = "<group>"; };
		F519227D167238A400514165 /* mio_sink_tcp.h */ = {isa = PBXFileReference; fileEncoding = 4; lastKnownFileType = sourcecode.c.h; path = mio_sink_tcp.h; sourceTree = "<group>"; };
		F519227E167238A400514165 /* mio_sink_udp.h */ = {isa = PBXFileReference; fileEncoding = 4; lastKnownFileType = sourcecode.c.h; path = mio_sink_udp.h; sourceTree = "<group>"; };
		F519227F167238A400514165 /* mio_source_file.h */ = {isa = PBXFileReference; fileEncoding = 4; lastKnownFileType = sourcecode.c.h; path = mio_source_file.h; sourceTree = "<group>"; };
		F5192280167238A400514165 /* mio_source_pcap.h */ = {isa = PBXFileReference; fileEncoding = 4; lastKnownFileType = sourcecode.c.h; path = mio_source_pcap.h; sourceTree = "<group>"; };
		F5192281167238A400514165 /* mio_source_tcp.h */ = {isa = PBXFileReference; fileEncoding = 4; lastKnownFileType = sourcecode.c.h; path = mio_source_tcp.h; sourceTree = "<group>"; };
		F5192282167238A400514165 /* mio_source_udp.h */ = {isa = PBXFileReference; fileEncoding = 4; lastKnownFileType = sourcecode.c.h; path = mio_source_udp.h; sourceTree = "<group>"; };
		F5192283167238A400514165 /* mio_stdio.h */ = {isa = PBXFileReference; fileEncoding = 4; lastKnownFileType = sourcecode.c.h; path = mio_stdio.h; sourceTree = "<group>"; };
		F5192284167238A400514165 /* privconfig.h */ = {isa = PBXFileReference; fileEncoding = 4; lastKnownFileType = sourcecode.c.h; path = privconfig.h; sourceTree = "<group>"; };
		F5192285167238A400514165 /* stamp-h2 */ = {isa = PBXFileReference; fileEncoding = 4; lastKnownFileType = text; path = "stamp-h2"; sourceTree = "<group>"; };
		F5192287167238A400514165 /* Makefile.am */ = {isa = PBXFileReference; fileEncoding = 4; lastKnownFileType = text; path = Makefile.am; sourceTree = "<group>"; };
		F5192288167238A400514165 /* Makefile.in */ = {isa = PBXFileReference; fileEncoding = 4; lastKnownFileType = text; path = Makefile.in; sourceTree = "<group>"; };
		F5192289167238A400514165 /* libairframe.pc */ = {isa = PBXFileReference; fileEncoding = 4; lastKnownFileType = text; path = libairframe.pc; sourceTree = "<group>"; };
		F519228A167238A400514165 /* libairframe.pc.in */ = {isa = PBXFileReference; fileEncoding = 4; lastKnownFileType = text; path = libairframe.pc.in; sourceTree = "<group>"; };
		F519228B167238A400514165 /* libairframe.spec */ = {isa = PBXFileReference; fileEncoding = 4; lastKnownFileType = text; path = libairframe.spec; sourceTree = "<group>"; };
		F519228C167238A400514165 /* libairframe.spec.in */ = {isa = PBXFileReference; fileEncoding = 4; lastKnownFileType = text; path = libairframe.spec.in; sourceTree = "<group>"; };
		F519228E167238A400514165 /* Makefile.am */ = {isa = PBXFileReference; fileEncoding = 4; lastKnownFileType = text; path = Makefile.am; sourceTree = "<group>"; };
		F519228F167238A400514165 /* Makefile.in */ = {isa = PBXFileReference; fileEncoding = 4; lastKnownFileType = text; path = Makefile.in; sourceTree = "<group>"; };
		F5192290167238A400514165 /* NEWS */ = {isa = PBXFileReference; fileEncoding = 4; lastKnownFileType = text; path = NEWS; sourceTree = "<group>"; };
		F5192291167238A400514165 /* README */ = {isa = PBXFileReference; fileEncoding = 4; lastKnownFileType = text; path = README; sourceTree = "<group>"; };
		F51922C4167238A400514165 /* airdaemon.c */ = {isa = PBXFileReference; fileEncoding = 4; lastKnownFileType = sourcecode.c.c; path = airdaemon.c; sourceTree = "<group>"; };
		F51922C5167238A400514165 /* airlock.c */ = {isa = PBXFileReference; fileEncoding = 4; lastKnownFileType = sourcecode.c.c; path = airlock.c; sourceTree = "<group>"; };
		F51922C6167238A400514165 /* airopt.c */ = {isa = PBXFileReference; fileEncoding = 4; lastKnownFileType = sourcecode.c.c; path = airopt.c; sourceTree = "<group>"; };
		F51922C7167238A400514165 /* airutil.c */ = {isa = PBXFileReference; fileEncoding = 4; lastKnownFileType = sourcecode.c.c; path = airutil.c; sourceTree = "<group>"; };
		F51922C8167238A400514165 /* daeconfig.c */ = {isa = PBXFileReference; fileEncoding = 4; lastKnownFileType = sourcecode.c.c; path = daeconfig.c; sourceTree = "<group>"; };
		F51922CB167238A400514165 /* filedaemon.c */ = {isa = PBXFileReference; fileEncoding = 4; lastKnownFileType = sourcecode.c.c; path = filedaemon.c; sourceTree = "<group>"; };
		F51922F1167238A400514165 /* logconfig.c */ = {isa = PBXFileReference; fileEncoding = 4; lastKnownFileType = sourcecode.c.c; path = logconfig.c; sourceTree = "<group>"; };
		F51922F3167238A400514165 /* Makefile.am */ = {isa = PBXFileReference; fileEncoding = 4; lastKnownFileType = text; path = Makefile.am; sourceTree = "<group>"; };
		F51922F4167238A400514165 /* Makefile.in */ = {isa = PBXFileReference; fileEncoding = 4; lastKnownFileType = text; path = Makefile.in; sourceTree = "<group>"; };
		F51922F5167238A400514165 /* mio.c */ = {isa = PBXFileReference; fileEncoding = 4; lastKnownFileType = sourcecode.c.c; path = mio.c; sourceTree = "<group>"; };
		F51922F6167238A400514165 /* mio_common_net.c */ = {isa = PBXFileReference; fileEncoding = 4; lastKnownFileType = sourcecode.c.c; path = mio_common_net.c; sourceTree = "<group>"; };
		F51922F7167238A400514165 /* mio_common_net.h */ = {isa = PBXFileReference; fileEncoding = 4; lastKnownFileType = sourcecode.c.h; path = mio_common_net.h; sourceTree = "<group>"; };
		F51922F8167238A400514165 /* mio_config.c */ = {isa = PBXFileReference; fileEncoding = 4; lastKnownFileType = sourcecode.c.c; path = mio_config.c; sourceTree = "<group>"; };
		F51922F9167238A400514165 /* mio_internal.h */ = {isa = PBXFileReference; fileEncoding = 4; lastKnownFileType = sourcecode.c.h; path = mio_internal.h; sourceTree = "<group>"; };
		F51922FA167238A400514165 /* mio_sink_file.c */ = {isa = PBXFileReference; fileEncoding = 4; lastKnownFileType = sourcecode.c.c; path = mio_sink_file.c; sourceTree = "<group>"; };
		F51922FB167238A400514165 /* mio_sink_multi.c */ = {isa = PBXFileReference; fileEncoding = 4; lastKnownFileType = sourcecode.c.c; path = mio_sink_multi.c; sourceTree = "<group>"; };
		F51922FC167238A400514165 /* mio_sink_tcp.c */ = {isa = PBXFileReference; fileEncoding = 4; lastKnownFileType = sourcecode.c.c; path = mio_sink_tcp.c; sourceTree = "<group>"; };
		F51922FD167238A400514165 /* mio_sink_udp.c */ = {isa = PBXFileReference; fileEncoding = 4; lastKnownFileType = sourcecode.c.c; path = mio_sink_udp.c; sourceTree = "<group>"; };
		F51922FE167238A400514165 /* mio_source_file.c */ = {isa = PBXFileReference; fileEncoding = 4; lastKnownFileType = sourcecode.c.c; path = mio_source_file.c; sourceTree = "<group>"; };
		F51922FF167238A400514165 /* mio_source_pcap.c */ = {isa = PBXFileReference; fileEncoding = 4; lastKnownFileType = sourcecode.c.c; path = mio_source_pcap.c; sourceTree = "<group>"; };
		F5192300167238A400514165 /* mio_source_tcp.c */ = {isa = PBXFileReference; fileEncoding = 4; lastKnownFileType = sourcecode.c.c; path = mio_source_tcp.c; sourceTree = "<group>"; };
		F5192301167238A400514165 /* mio_source_udp.c */ = {isa = PBXFileReference; fileEncoding = 4; lastKnownFileType = sourcecode.c.c; path = mio_source_udp.c; sourceTree = "<group>"; };
		F5192302167238A400514165 /* mio_stdio.c */ = {isa = PBXFileReference; fileEncoding = 4; lastKnownFileType = sourcecode.c.c; path = mio_stdio.c; sourceTree = "<group>"; };
		F5192303167238A400514165 /* privconfig.c */ = {isa = PBXFileReference; fileEncoding = 4; lastKnownFileType = sourcecode.c.c; path = privconfig.c; sourceTree = "<group>"; };
		F52331DA16BC130400A3FA81 /* qofctx.c */ = {isa = PBXFileReference; fileEncoding = 4; lastKnownFileType = sourcecode.c.c; path = qofctx.c; sourceTree = "<group>"; };
		F52D56C016723812006D32A1 /* qof */ = {isa = PBXFileReference; explicitFileType = "compiled.mach-o.executable"; includeInIndex = 0; path = qof; sourceTree = BUILT_PRODUCTS_DIR; };
		F5EF14DB16D4CF6A00A4358E /* libpcap.dylib */ = {isa = PBXFileReference; lastKnownFileType = "compiled.mach-o.dylib"; name = libpcap.dylib; path = usr/lib/libpcap.dylib; sourceTree = SDKROOT; };
		F5EF14DD16D4D26800A4358E /* libyaml-0.2.dylib */ = {isa = PBXFileReference; lastKnownFileType = "compiled.mach-o.dylib"; name = "libyaml-0.2.dylib"; path = "../../../../opt/local/lib/libyaml-0.2.dylib"; sourceTree = "<group>"; };
		F5EF14DF16D4D2B100A4358E /* libfixbuf-1.2.0.8.dylib */ = {isa = PBXFileReference; lastKnownFileType = "compiled.mach-o.dylib"; name = "libfixbuf-1.2.0.8.dylib"; path = "../../opt/lib/libfixbuf-1.2.0.8.dylib"; sourceTree = "<group>"; };
		F5EF14E116D4D2E600A4358E /* libglib-2.0.0.dylib */ = {isa = PBXFileReference; lastKnownFileType = "compiled.mach-o.dylib"; name = "libglib-2.0.0.dylib"; path = "../../../../opt/local/lib/libglib-2.0.0.dylib"; sourceTree = "<group>"; };
/* End PBXFileReference section */

/* Begin PBXFrameworksBuildPhase section */
		F52D56BD16723812006D32A1 /* Frameworks */ = {
			isa = PBXFrameworksBuildPhase;
			buildActionMask = 2147483647;
			files = (
				F5EF14E216D4D2E600A4358E /* libglib-2.0.0.dylib in Frameworks */,
				F5EF14E016D4D2B100A4358E /* libfixbuf-1.2.0.8.dylib in Frameworks */,
				F5EF14DE16D4D26800A4358E /* libyaml-0.2.dylib in Frameworks */,
				F5EF14DC16D4CF6A00A4358E /* libpcap.dylib in Frameworks */,
			);
			runOnlyForDeploymentPostprocessing = 0;
		};
/* End PBXFrameworksBuildPhase section */

/* Begin PBXGroup section */
		D31013E316A949350068059F /* test */ = {
			isa = PBXGroup;
			children = (
				D3D3887C16F8258B002B85A4 /* qof.iespec */,
				D3D91D8016EE7F9E00748C63 /* qof-test.yaml */,
				D3E1B1C316E4EBD200C5D50C /* riptcp.rb */,
				D31013E416A94BA80068059F /* test_ifmap.c */,
			);
			path = test;
			sourceTree = "<group>";
		};
		F51922041672388F00514165 /* src */ = {
			isa = PBXGroup;
			children = (
				D36F0F4716E3B5720028EDAE /* qofifmap.h */,
				F519221A1672388F00514165 /* decode.c */,
				F519221E1672388F00514165 /* Makefile.am */,
				F519221F1672388F00514165 /* Makefile.in */,
				F51922201672388F00514165 /* picq.c */,
				F51922211672388F00514165 /* qofifmap.c */,
				F51922221672388F00514165 /* ring.c */,
				F51922231672388F00514165 /* yaf.c */,
				F51922241672388F00514165 /* yaf.pod */,
				F51922251672388F00514165 /* yaf.pod.in */,
				F51922261672388F00514165 /* yafcap.c */,
				F51922271672388F00514165 /* yafcap.h */,
				F51922291672388F00514165 /* yafcore.c */,
				F519222A1672388F00514165 /* qofctx.h */,
				F519222B1672388F00514165 /* yafcygwin.c */,
				F519222C1672388F00514165 /* yafdag.c */,
				F519222D1672388F00514165 /* yafdag.h */,
				F519222E1672388F00514165 /* yaflush.c */,
				F519222F1672388F00514165 /* yaflush.h */,
				F51922301672388F00514165 /* yafout.c */,
				F51922311672388F00514165 /* yafout.h */,
				F51922321672388F00514165 /* yafpcapx.c */,
				F51922331672388F00514165 /* yafpcapx.h */,
				F51922341672388F00514165 /* yafrag.c */,
				F51922361672388F00514165 /* yafscii.pod */,
				F51922371672388F00514165 /* yafstat.c */,
				F51922381672388F00514165 /* yafstat.h */,
				F51922391672388F00514165 /* yaftab.c */,
				F52331DA16BC130400A3FA81 /* qofctx.c */,
				D306F28D1701436C00FE09F5 /* qofdyn.c */,
			);
			path = src;
			sourceTree = "<group>";
		};
		F519224F1672389900514165 /* include */ = {
			isa = PBXGroup;
			children = (
				F51922511672389900514165 /* Makefile.am */,
				F51922521672389900514165 /* Makefile.in */,
				F51922531672389900514165 /* yaf */,
			);
			path = include;
			sourceTree = "<group>";
		};
		F51922531672389900514165 /* yaf */ = {
			isa = PBXGroup;
			children = (
				D39F27671703AB4C00089492 /* qofdyn.h */,
				F51922541672389900514165 /* autoinc.h */,
				F51922551672389900514165 /* CERT_IE.h */,
				F51922561672389900514165 /* config.h */,
				F51922571672389900514165 /* config.h.in */,
				F51922581672389900514165 /* decode.h */,
				F51922591672389900514165 /* picq.h */,
				F519225A1672389900514165 /* ring.h */,
				F519225B1672389900514165 /* stamp-h1 */,
				F519225C1672389900514165 /* TCH_IE.h */,
				F519225D1672389900514165 /* yafcore.h */,
				F519225E1672389900514165 /* yafrag.h */,
				F519225F1672389900514165 /* yaftab.h */,
			);
			path = yaf;
			sourceTree = "<group>";
		};
		F5192261167238A400514165 /* airframe */ = {
			isa = PBXGroup;
			children = (
				F5192262167238A400514165 /* AUTHORS */,
				F5192263167238A400514165 /* ChangeLog */,
				F5192264167238A400514165 /* COPYING */,
				F5192265167238A400514165 /* doc */,
				F519226D167238A400514165 /* Doxyfile */,
				F519226E167238A400514165 /* Doxyfile.in */,
				F519226F167238A400514165 /* include */,
				F5192289167238A400514165 /* libairframe.pc */,
				F519228A167238A400514165 /* libairframe.pc.in */,
				F519228B167238A400514165 /* libairframe.spec */,
				F519228C167238A400514165 /* libairframe.spec.in */,
				F519228E167238A400514165 /* Makefile.am */,
				F519228F167238A400514165 /* Makefile.in */,
				F5192290167238A400514165 /* NEWS */,
				F5192291167238A400514165 /* README */,
				F5192292167238A400514165 /* src */,
			);
			path = airframe;
			sourceTree = "<group>";
		};
		F5192265167238A400514165 /* doc */ = {
			isa = PBXGroup;
			children = (
				F5192266167238A400514165 /* airdaemon.1 */,
				F5192267167238A400514165 /* airdaemon.pod */,
				F5192268167238A400514165 /* filedaemon.1 */,
				F5192269167238A400514165 /* filedaemon.pod */,
				F519226B167238A400514165 /* Makefile.am */,
				F519226C167238A400514165 /* Makefile.in */,
			);
			path = doc;
			sourceTree = "<group>";
		};
		F519226F167238A400514165 /* include */ = {
			isa = PBXGroup;
			children = (
				F5192270167238A400514165 /* airframe */,
				F5192287167238A400514165 /* Makefile.am */,
				F5192288167238A400514165 /* Makefile.in */,
			);
			path = include;
			sourceTree = "<group>";
		};
		F5192270167238A400514165 /* airframe */ = {
			isa = PBXGroup;
			children = (
				F5192271167238A400514165 /* airlock.h */,
				F5192272167238A400514165 /* airopt.h */,
				F5192273167238A400514165 /* airutil.h */,
				F5192274167238A400514165 /* autoinc.h */,
				F5192275167238A400514165 /* config.h */,
				F5192276167238A400514165 /* config.h.in */,
				F5192277167238A400514165 /* daeconfig.h */,
				F5192278167238A400514165 /* logconfig.h */,
				F5192279167238A400514165 /* mio.h */,
				F519227A167238A400514165 /* mio_config.h */,
				F519227B167238A400514165 /* mio_sink_file.h */,
				F519227C167238A400514165 /* mio_sink_multi.h */,
				F519227D167238A400514165 /* mio_sink_tcp.h */,
				F519227E167238A400514165 /* mio_sink_udp.h */,
				F519227F167238A400514165 /* mio_source_file.h */,
				F5192280167238A400514165 /* mio_source_pcap.h */,
				F5192281167238A400514165 /* mio_source_tcp.h */,
				F5192282167238A400514165 /* mio_source_udp.h */,
				F5192283167238A400514165 /* mio_stdio.h */,
				F5192284167238A400514165 /* privconfig.h */,
				F5192285167238A400514165 /* stamp-h2 */,
			);
			path = airframe;
			sourceTree = "<group>";
		};
		F5192292167238A400514165 /* src */ = {
			isa = PBXGroup;
			children = (
				F51922C4167238A400514165 /* airdaemon.c */,
				F51922C5167238A400514165 /* airlock.c */,
				F51922C6167238A400514165 /* airopt.c */,
				F51922C7167238A400514165 /* airutil.c */,
				F51922C8167238A400514165 /* daeconfig.c */,
				F51922CB167238A400514165 /* filedaemon.c */,
				F51922F1167238A400514165 /* logconfig.c */,
				F51922F3167238A400514165 /* Makefile.am */,
				F51922F4167238A400514165 /* Makefile.in */,
				F51922F5167238A400514165 /* mio.c */,
				F51922F6167238A400514165 /* mio_common_net.c */,
				F51922F7167238A400514165 /* mio_common_net.h */,
				F51922F8167238A400514165 /* mio_config.c */,
				F51922F9167238A400514165 /* mio_internal.h */,
				F51922FA167238A400514165 /* mio_sink_file.c */,
				F51922FB167238A400514165 /* mio_sink_multi.c */,
				F51922FC167238A400514165 /* mio_sink_tcp.c */,
				F51922FD167238A400514165 /* mio_sink_udp.c */,
				F51922FE167238A400514165 /* mio_source_file.c */,
				F51922FF167238A400514165 /* mio_source_pcap.c */,
				F5192300167238A400514165 /* mio_source_tcp.c */,
				F5192301167238A400514165 /* mio_source_udp.c */,
				F5192302167238A400514165 /* mio_stdio.c */,
				F5192303167238A400514165 /* privconfig.c */,
			);
			path = src;
			sourceTree = "<group>";
		};
		F52D56B516723812006D32A1 = {
			isa = PBXGroup;
			children = (
				F5EF14E116D4D2E600A4358E /* libglib-2.0.0.dylib */,
				F5EF14DF16D4D2B100A4358E /* libfixbuf-1.2.0.8.dylib */,
				D36F0F4916E3B6B80028EDAE /* configure.ac */,
				D36F0F4B16E3BA480028EDAE /* acinclude.m4 */,
				D36F0F4A16E3B6B80028EDAE /* Makefile.am */,
				F5EF14DD16D4D26800A4358E /* libyaml-0.2.dylib */,
				F5EF14DB16D4CF6A00A4358E /* libpcap.dylib */,
				D31013E316A949350068059F /* test */,
				F5192261167238A400514165 /* airframe */,
				F519224F1672389900514165 /* include */,
				F51922041672388F00514165 /* src */,
				F52D56C116723812006D32A1 /* Products */,
			);
			sourceTree = "<group>";
		};
		F52D56C116723812006D32A1 /* Products */ = {
			isa = PBXGroup;
			children = (
				F52D56C016723812006D32A1 /* qof */,
			);
			name = Products;
			sourceTree = "<group>";
		};
/* End PBXGroup section */

/* Begin PBXNativeTarget section */
		F52D56BF16723812006D32A1 /* qof */ = {
			isa = PBXNativeTarget;
			buildConfigurationList = F52D56CA16723812006D32A1 /* Build configuration list for PBXNativeTarget "qof" */;
			buildPhases = (
				F52D56BC16723812006D32A1 /* Sources */,
				F52D56BD16723812006D32A1 /* Frameworks */,
				F52D56BE16723812006D32A1 /* CopyFiles */,
			);
			buildRules = (
			);
			dependencies = (
			);
			name = qof;
			productName = qof;
			productReference = F52D56C016723812006D32A1 /* qof */;
			productType = "com.apple.product-type.tool";
		};
/* End PBXNativeTarget section */

/* Begin PBXProject section */
		F52D56B716723812006D32A1 /* Project object */ = {
			isa = PBXProject;
			attributes = {
				LastUpgradeCheck = 0450;
				ORGANIZATIONNAME = "Brian Trammell";
			};
			buildConfigurationList = F52D56BA16723812006D32A1 /* Build configuration list for PBXProject "qof" */;
			compatibilityVersion = "Xcode 3.2";
			developmentRegion = English;
			hasScannedForEncodings = 0;
			knownRegions = (
				en,
			);
			mainGroup = F52D56B516723812006D32A1;
			productRefGroup = F52D56C116723812006D32A1 /* Products */;
			projectDirPath = "";
			projectRoot = "";
			targets = (
				F52D56BF16723812006D32A1 /* qof */,
			);
		};
/* End PBXProject section */

/* Begin PBXSourcesBuildPhase section */
		F52D56BC16723812006D32A1 /* Sources */ = {
			isa = PBXSourcesBuildPhase;
			buildActionMask = 2147483647;
			files = (
				F519223B1672388F00514165 /* decode.c in Sources */,
				F519223E1672388F00514165 /* picq.c in Sources */,
				F51922401672388F00514165 /* ring.c in Sources */,
				F51922411672388F00514165 /* yaf.c in Sources */,
				F51922421672388F00514165 /* yafcap.c in Sources */,
				F51922441672388F00514165 /* yafcore.c in Sources */,
				F51922461672388F00514165 /* yafdag.c in Sources */,
				F51922471672388F00514165 /* yaflush.c in Sources */,
				F51922481672388F00514165 /* yafout.c in Sources */,
				F51922491672388F00514165 /* yafpcapx.c in Sources */,
				F519224A1672388F00514165 /* yafrag.c in Sources */,
				F519224C1672388F00514165 /* yafstat.c in Sources */,
				F519224D1672388F00514165 /* yaftab.c in Sources */,
				F519231E167238A400514165 /* airlock.c in Sources */,
				F519231F167238A400514165 /* airopt.c in Sources */,
				F5192320167238A400514165 /* airutil.c in Sources */,
				F5192321167238A400514165 /* daeconfig.c in Sources */,
				F5192336167238A400514165 /* logconfig.c in Sources */,
				F5192338167238A400514165 /* mio.c in Sources */,
				F5192339167238A400514165 /* mio_common_net.c in Sources */,
				F519233A167238A400514165 /* mio_config.c in Sources */,
				F519233B167238A400514165 /* mio_sink_file.c in Sources */,
				F519233C167238A400514165 /* mio_sink_multi.c in Sources */,
				F519233D167238A400514165 /* mio_sink_tcp.c in Sources */,
				F519233E167238A400514165 /* mio_sink_udp.c in Sources */,
				F519233F167238A400514165 /* mio_source_file.c in Sources */,
				F5192340167238A400514165 /* mio_source_pcap.c in Sources */,
				F5192341167238A400514165 /* mio_source_tcp.c in Sources */,
				F5192342167238A400514165 /* mio_source_udp.c in Sources */,
				F5192343167238A400514165 /* mio_stdio.c in Sources */,
				F5192344167238A400514165 /* privconfig.c in Sources */,
				D38872B716946DDF00E66A70 /* qofifmap.c in Sources */,
				F52331DB16BC130400A3FA81 /* qofctx.c in Sources */,
				D306F28E1701436C00FE09F5 /* qofdyn.c in Sources */,
			);
			runOnlyForDeploymentPostprocessing = 0;
		};
/* End PBXSourcesBuildPhase section */

/* Begin XCBuildConfiguration section */
		F52D56C816723812006D32A1 /* Debug */ = {
			isa = XCBuildConfiguration;
			buildSettings = {
				ALWAYS_SEARCH_USER_PATHS = NO;
				ARCHS = "$(ARCHS_STANDARD_64_BIT)";
				CLANG_CXX_LANGUAGE_STANDARD = "gnu++0x";
				CLANG_CXX_LIBRARY = "libc++";
				CLANG_WARN_EMPTY_BODY = YES;
				CLANG_WARN__DUPLICATE_METHOD_MATCH = YES;
				COPY_PHASE_STRIP = NO;
				GCC_C_LANGUAGE_STANDARD = gnu99;
				GCC_DYNAMIC_NO_PIC = NO;
				GCC_ENABLE_OBJC_EXCEPTIONS = YES;
				GCC_OPTIMIZATION_LEVEL = 0;
				GCC_PREPROCESSOR_DEFINITIONS = (
					"DEBUG=1",
					"$(inherited)",
				);
				GCC_SYMBOLS_PRIVATE_EXTERN = NO;
				GCC_WARN_64_TO_32_BIT_CONVERSION = YES;
				GCC_WARN_ABOUT_RETURN_TYPE = YES;
				GCC_WARN_UNINITIALIZED_AUTOS = YES;
				GCC_WARN_UNUSED_VARIABLE = YES;
				MACOSX_DEPLOYMENT_TARGET = 10.7;
				ONLY_ACTIVE_ARCH = YES;
				SDKROOT = macosx;
			};
			name = Debug;
		};
		F52D56C916723812006D32A1 /* Release */ = {
			isa = XCBuildConfiguration;
			buildSettings = {
				ALWAYS_SEARCH_USER_PATHS = NO;
				ARCHS = "$(ARCHS_STANDARD_64_BIT)";
				CLANG_CXX_LANGUAGE_STANDARD = "gnu++0x";
				CLANG_CXX_LIBRARY = "libc++";
				CLANG_WARN_EMPTY_BODY = YES;
				CLANG_WARN__DUPLICATE_METHOD_MATCH = YES;
				COPY_PHASE_STRIP = YES;
				DEBUG_INFORMATION_FORMAT = "dwarf-with-dsym";
				GCC_C_LANGUAGE_STANDARD = gnu99;
				GCC_ENABLE_OBJC_EXCEPTIONS = YES;
				GCC_WARN_64_TO_32_BIT_CONVERSION = YES;
				GCC_WARN_ABOUT_RETURN_TYPE = YES;
				GCC_WARN_UNINITIALIZED_AUTOS = YES;
				GCC_WARN_UNUSED_VARIABLE = YES;
				MACOSX_DEPLOYMENT_TARGET = 10.7;
				SDKROOT = macosx;
			};
			name = Release;
		};
		F52D56CB16723812006D32A1 /* Debug */ = {
			isa = XCBuildConfiguration;
			buildSettings = {
				GCC_PREPROCESSOR_DEFINITIONS = (
					"DEBUG=1",
					"$(inherited)",
					"HAVE_CONFIG_H=1",
					"YAF_SOURCE=1",
				);
				HEADER_SEARCH_PATHS = (
					./include,
					./airframe/include,
					/opt/local/include,
					"/opt/local/include/glib-2.0",
					"/opt/local/lib/glib-2.0/include",
					"$(HOME)/opt/include",
				);
				LIBRARY_SEARCH_PATHS = (
					"$(inherited)",
					"\"$(SRCROOT)/airframe/src/.libs\"",
					"$(HOME)/opt/lib",
					/opt/local/lib,
				);
				OTHER_LDFLAGS = "";
				PRODUCT_NAME = "$(TARGET_NAME)";
			};
			name = Debug;
		};
		F52D56CC16723812006D32A1 /* Release */ = {
			isa = XCBuildConfiguration;
			buildSettings = {
				GCC_PREPROCESSOR_DEFINITIONS = (
					"HAVE_CONFIG_H=1",
					"YAF_SOURCE=1",
				);
				HEADER_SEARCH_PATHS = (
					./include,
					./airframe/include,
					/opt/local/include,
					"/opt/local/include/glib-2.0",
					"/opt/local/lib/glib-2.0/include",
					"$(HOME)/opt/include",
				);
				LIBRARY_SEARCH_PATHS = (
					"$(inherited)",
					"\"$(SRCROOT)/airframe/src/.libs\"",
					"$(HOME)/opt/lib",
					/opt/local/lib,
				);
				OTHER_LDFLAGS = "";
				PRODUCT_NAME = "$(TARGET_NAME)";
			};
			name = Release;
		};
/* End XCBuildConfiguration section */

/* Begin XCConfigurationList section */
		F52D56BA16723812006D32A1 /* Build configuration list for PBXProject "qof" */ = {
			isa = XCConfigurationList;
			buildConfigurations = (
				F52D56C816723812006D32A1 /* Debug */,
				F52D56C916723812006D32A1 /* Release */,
			);
			defaultConfigurationIsVisible = 0;
			defaultConfigurationName = Release;
		};
		F52D56CA16723812006D32A1 /* Build configuration list for PBXNativeTarget "qof" */ = {
			isa = XCConfigurationList;
			buildConfigurations = (
				F52D56CB16723812006D32A1 /* Debug */,
				F52D56CC16723812006D32A1 /* Release */,
			);
			defaultConfigurationIsVisible = 0;
			defaultConfigurationName = Release;
		};
/* End XCConfigurationList section */
	};
	rootObject = F52D56B716723812006D32A1 /* Project object */;
}
